
Microsoft Visual Studio Solution File, Format Version 12.00
# Visual Studio Version 17
VisualStudioVersion = 17.4.33403.182
MinimumVisualStudioVersion = 10.0.40219.1
Project("{FAE04EC0-301F-11D3-BF4B-00C04F79EFBC}") = "LTW14", "LTW14\LTW14.csproj", "{76164C6B-8714-43B8-A32E-DBE404F70996}"
EndProject
Global
	GlobalSection(SolutionConfigurationPlatforms) = preSolution
		Debug|Any CPU = Debug|Any CPU
		Release|Any CPU = Release|Any CPU
	EndGlobalSection
	GlobalSection(ProjectConfigurationPlatforms) = postSolution
		{76164C6B-8714-43B8-A32E-DBE404F70996}.Debug|Any CPU.ActiveCfg = Debug|Any CPU
		{76164C6B-8714-43B8-A32E-DBE404F70996}.Debug|Any CPU.Build.0 = Debug|Any CPU
		{76164C6B-8714-43B8-A32E-DBE404F70996}.Release|Any CPU.ActiveCfg = Release|Any CPU
		{76164C6B-8714-43B8-A32E-DBE404F70996}.Release|Any CPU.Build.0 = Release|Any CPU
	EndGlobalSection
	GlobalSection(SolutionProperties) = preSolution
		HideSolutionNode = FALSE
	EndGlobalSection
	GlobalSection(ExtensibilityGlobals) = postSolution
		SolutionGuid = {E51C740E-F805-4C8C-B0C1-783F46B05909}
	EndGlobalSection
EndGlobal
